
Microsoft Visual Studio Solution File, Format Version 12.00
# Visual Studio Version 16
VisualStudioVersion = 16.0.29324.140
MinimumVisualStudioVersion = 10.0.40219.1
Project("{FAE04EC0-301F-11D3-BF4B-00C04F79EFBC}") = "InmobiliariaFramework", "InmobiliariaFramework\InmobiliariaFramework.csproj", "{6C1456A2-4D93-4E4F-BFB9-F51BA1BA4F24}"
EndProject
Global
	GlobalSection(SolutionConfigurationPlatforms) = preSolution
		Debug|Any CPU = Debug|Any CPU
		Release|Any CPU = Release|Any CPU
	EndGlobalSection
	GlobalSection(ProjectConfigurationPlatforms) = postSolution
		{6C1456A2-4D93-4E4F-BFB9-F51BA1BA4F24}.Debug|Any CPU.ActiveCfg = Debug|Any CPU
		{6C1456A2-4D93-4E4F-BFB9-F51BA1BA4F24}.Debug|Any CPU.Build.0 = Debug|Any CPU
		{6C1456A2-4D93-4E4F-BFB9-F51BA1BA4F24}.Release|Any CPU.ActiveCfg = Release|Any CPU
		{6C1456A2-4D93-4E4F-BFB9-F51BA1BA4F24}.Release|Any CPU.Build.0 = Release|Any CPU
	EndGlobalSection
	GlobalSection(SolutionProperties) = preSolution
		HideSolutionNode = FALSE
	EndGlobalSection
	GlobalSection(ExtensibilityGlobals) = postSolution
		SolutionGuid = {023AF3BB-1925-42ED-A995-B8FE7319A30C}
	EndGlobalSection
EndGlobal
